# This file was autogenerated by Stack.
# You should not edit this file by hand.
# For more information, please see the documentation at:
#   https://docs.haskellstack.org/en/stable/lock_files

packages:
- completed:
    size: 74154
    url: https://github.com/haskell-works/avro/archive/6e661b03fc9b284293ada14e1354e116b824f11b.tar.gz
    name: avro
    version: 0.5.2.1
    sha256: 7c8479f2cc6bb0ccd21725903dc3492ed7d936a6b3ceff5221d5297fdd0c16fe
    pantry-tree:
      size: 7831
      sha256: b70d27eb02818f69f6d7c654e6bc102a9a92dc13ace26318db6b7e08cd117933
  original:
    url: https://github.com/haskell-works/avro/archive/6e661b03fc9b284293ada14e1354e116b824f11b.tar.gz
- completed:
    hackage: hasql-migration-0.3.0@sha256:6ca4cc6c89834bb79eb9f15b504774043b5b3994336bd86a9d79e59da6d54963,2799
    pantry-tree:
      size: 589
      sha256: 55e3dfca36ffe0d11e1c42bce446e3cc1d5b9a4983e196ec99c650c8b4268845
  original:
    hackage: hasql-migration-0.3.0
- completed:
    hackage: hasql-th-0.4.0.9@sha256:56515d8d08d4c68e36899a46624ecd1505608cf6b4c24b5c33aee54bc76e6275,2245
    pantry-tree:
      size: 864
      sha256: 0c895bf03caf2c77e8a314bcd08dae41fe0eaadbcaf9ce92de9b1538067f3347
  original:
    hackage: hasql-th-0.4.0.9
- completed:
    hackage: headed-megaparsec-0.2.0.1@sha256:4bb2f1e68d2972e6b40ede202708c81b2e2fe83c454e439f27f47d1fdf7c8697,1571
    pantry-tree:
      size: 383
      sha256: 9c5bb405d2b708e128b1206b09f86aeed9b9a6689c6391e66d39dcfa0924638d
  original:
    hackage: headed-megaparsec-0.2.0.1
- completed:
    hackage: hw-kafka-avro-5.1.0@sha256:ff8b95df2a3ad2d6ed90040aff482faea3dfa8c4d18b458a5f3140bc30515d30,2487
    pantry-tree:
      size: 631
      sha256: c8cae58271be4f80c8e4d0a8f6bf3199f4786eced0499349ff01f0e2103354d9
  original:
    hackage: hw-kafka-avro-5.1.0
- completed:
    hackage: postgresql-error-codes-1.0.1@sha256:34ce40401dc21762996dadd38336436f40a09da95ad3309ba6dc506d707cff11,1413
    pantry-tree:
      size: 240
      sha256: 2b8d529e883ae9ff4c1c98b05410edd6343b0ea2ec016bae256ff7d7ede3fc46
  original:
    hackage: postgresql-error-codes-1.0.1
- completed:
    hackage: postgresql-syntax-0.4@sha256:df8b65a33f4088eddad25cedbec814e5f34f8e8ae55065139b73bd6da0d66f21,4176
    pantry-tree:
      size: 1227
      sha256: 1942e3259b02a2546bf1fc6fe7f956cbcce724f29c3feea8698ab90a465e499a
  original:
    hackage: postgresql-syntax-0.4
- completed:
    hackage: punycode-2.0@sha256:dce7f481b5eedc750cf49d21a80b839cb366afd2d29bc506acca5ad9d0c06a8f,1503
    pantry-tree:
      size: 473
      sha256: 946dbffdad0a92dbdeeaaabb1c7ac2451f3002561407068543fcd860cd860f15
  original:
    hackage: punycode-2.0
- completed:
    hackage: pure-zlib-0.8.0@sha256:d81ef7adc1af5c71b4e468e2d980623117ba811c6f9f06a26dc671ee920ef121,3857
    pantry-tree:
      size: 2173
      sha256: 3a2ff956841ad60e07c2d565233ccf5e63d5c300cbd1df3ff14e316cd947a447
  original:
    hackage: pure-zlib-0.8.0
- completed:
    hackage: servant-rawm-server-1.0.0.1@sha256:bdbc14572a3ca58a8468b1ea1ccb160d77aa56702007c19b55e01e0a4a87ef11,1869
    pantry-tree:
      size: 285
      sha256: bcf7ba89ef60c8d02378ceffb32580370a5a97b17fc4edc05ea420d4e8430bc4
  original:
    hackage: servant-rawm-server-1.0.0.1
- completed:
    size: 13925
    url: https://mavenproxy.finntech.no/finntech-internal-release/no/finntech/adview/company-profile-types/company-profile-types-0.12.tar.gz
    name: company-profile-types
    version: 0.12.0.0
    sha256: 9e6424d2dde11c9720402a60f1daf9b97f35ced6e9ff7df2a779abdfdcdec3e2
    pantry-tree:
      size: 2101
      sha256: 2b3bebf7331f445c683b1af1da4de1a7c906363e367edbb33ca721c117fe46c4
  original:
    url: https://mavenproxy.finntech.no/finntech-internal-release/no/finntech/adview/company-profile-types/company-profile-types-0.12.tar.gz
- completed:
    size: 21869
    url: https://mavenproxy.finntech.no/finntech-internal-release/no/finntech/adview/fiaas-haskell/fiaas-haskell-0.14.tar.gz
    name: fiaas-haskell
    version: 0.14.0.0
    sha256: f1786efac645ff8c03250cf0b0e82f79f3c136d23e539ea596e5181a57986f73
    pantry-tree:
      size: 2038
      sha256: 4ac9e44d017a17c53473084a582233fbbd570b4970a2440285c106813e4cfae9
  original:
    url: https://mavenproxy.finntech.no/finntech-internal-release/no/finntech/adview/fiaas-haskell/fiaas-haskell-0.14.tar.gz
- completed:
    size: 11299
    url: https://mavenproxy.finntech.no/finntech-internal-release/no/finntech/adview/fiaas-kafka-haskell/fiaas-kafka-haskell-0.12.tar.gz
    name: fiaas-kafka-haskell
    version: 0.12.0.0
    sha256: 3a17d7b9177924c9da7bf74d27350b8e9c64d9bc652609c5e3142ca547bdd948
    pantry-tree:
      size: 1126
      sha256: 92c1304ac2656e89bf379c2c53d7531cef40cafdf6f8e92792884745053bea4d
  original:
    url: https://mavenproxy.finntech.no/finntech-internal-release/no/finntech/adview/fiaas-kafka-haskell/fiaas-kafka-haskell-0.12.tar.gz
- completed:
    size: 14480
    url: https://mavenproxy.finntech.no/finntech-internal-release/no/finntech/adview/adview-validation-haskell/adview-validation-haskell-0.10.tar.gz
    name: adview-validation-haskell
    version: 0.10.0.0
    sha256: 708a64b56d11c2ca8c52aa478b980bed36dad9d060ed3d5e5b45744c7c80cac7
    pantry-tree:
      size: 2409
      sha256: fed129d9e7283755563b5f1aa246811c5109c8a08efcb5e7acd976f0cc84b2be
  original:
    url: https://mavenproxy.finntech.no/finntech-internal-release/no/finntech/adview/adview-validation-haskell/adview-validation-haskell-0.10.tar.gz
snapshots:
- completed:
    size: 586296
    url: https://raw.githubusercontent.com/commercialhaskell/stackage-snapshots/master/lts/18/18.yaml
    sha256: 63539429076b7ebbab6daa7656cfb079393bf644971156dc349d7c0453694ac2
  original: lts-18.18
